
Microsoft Visual Studio Solution File, Format Version 12.00
# Visual Studio Version 17
VisualStudioVersion = 17.3.32804.467
MinimumVisualStudioVersion = 10.0.40219.1
Project("{FAE04EC0-301F-11D3-BF4B-00C04F79EFBC}") = "SimpleBankApp", "SimpleBankApp\SimpleBankApp.csproj", "{C864CC46-BD0C-4693-9860-39016856DFFF}"
EndProject
Global
	GlobalSection(SolutionConfigurationPlatforms) = preSolution
		Debug|Any CPU = Debug|Any CPU
		Release|Any CPU = Release|Any CPU
	EndGlobalSection
	GlobalSection(ProjectConfigurationPlatforms) = postSolution
		{C864CC46-BD0C-4693-9860-39016856DFFF}.Debug|Any CPU.ActiveCfg = Debug|Any CPU
		{C864CC46-BD0C-4693-9860-39016856DFFF}.Debug|Any CPU.Build.0 = Debug|Any CPU
		{C864CC46-BD0C-4693-9860-39016856DFFF}.Release|Any CPU.ActiveCfg = Release|Any CPU
		{C864CC46-BD0C-4693-9860-39016856DFFF}.Release|Any CPU.Build.0 = Release|Any CPU
	EndGlobalSection
	GlobalSection(SolutionProperties) = preSolution
		HideSolutionNode = FALSE
	EndGlobalSection
	GlobalSection(ExtensibilityGlobals) = postSolution
		SolutionGuid = {DD3CB119-6690-4EAD-B226-92E59222D90F}
	EndGlobalSection
EndGlobal
